
Microsoft Visual Studio Solution File, Format Version 12.00
# Visual Studio Version 17
VisualStudioVersion = 17.13.36105.23 d17.13
MinimumVisualStudioVersion = 10.0.40219.1
Project("{FAE04EC0-301F-11D3-BF4B-00C04F79EFBC}") = "NotificationSystem.Api", "NotificationSystem.Api\NotificationSystem.Api.csproj", "{FDA27BF7-4A6F-495F-968E-DCD4F7887ECC}"
EndProject
Project("{FAE04EC0-301F-11D3-BF4B-00C04F79EFBC}") = "NotificationSystem.Core", "NotificationSystem.Core\NotificationSystem.Core.csproj", "{7E98BFD5-3160-436B-81FA-931E269D2DAF}"
EndProject
Project("{FAE04EC0-301F-11D3-BF4B-00C04F79EFBC}") = "NotificationSystem.Providers", "NotificationSystem.Providers\NotificationSystem.Providers.csproj", "{C344CC32-BB9B-44CA-8BF6-D8A561544A3C}"
EndProject
Global
	GlobalSection(SolutionConfigurationPlatforms) = preSolution
		Debug|Any CPU = Debug|Any CPU
		Release|Any CPU = Release|Any CPU
	EndGlobalSection
	GlobalSection(ProjectConfigurationPlatforms) = postSolution
		{FDA27BF7-4A6F-495F-968E-DCD4F7887ECC}.Debug|Any CPU.ActiveCfg = Debug|Any CPU
		{FDA27BF7-4A6F-495F-968E-DCD4F7887ECC}.Debug|Any CPU.Build.0 = Debug|Any CPU
		{FDA27BF7-4A6F-495F-968E-DCD4F7887ECC}.Release|Any CPU.ActiveCfg = Release|Any CPU
		{FDA27BF7-4A6F-495F-968E-DCD4F7887ECC}.Release|Any CPU.Build.0 = Release|Any CPU
		{7E98BFD5-3160-436B-81FA-931E269D2DAF}.Debug|Any CPU.ActiveCfg = Debug|Any CPU
		{7E98BFD5-3160-436B-81FA-931E269D2DAF}.Debug|Any CPU.Build.0 = Debug|Any CPU
		{7E98BFD5-3160-436B-81FA-931E269D2DAF}.Release|Any CPU.ActiveCfg = Release|Any CPU
		{7E98BFD5-3160-436B-81FA-931E269D2DAF}.Release|Any CPU.Build.0 = Release|Any CPU
		{C344CC32-BB9B-44CA-8BF6-D8A561544A3C}.Debug|Any CPU.ActiveCfg = Debug|Any CPU
		{C344CC32-BB9B-44CA-8BF6-D8A561544A3C}.Debug|Any CPU.Build.0 = Debug|Any CPU
		{C344CC32-BB9B-44CA-8BF6-D8A561544A3C}.Release|Any CPU.ActiveCfg = Release|Any CPU
		{C344CC32-BB9B-44CA-8BF6-D8A561544A3C}.Release|Any CPU.Build.0 = Release|Any CPU
	EndGlobalSection
	GlobalSection(SolutionProperties) = preSolution
		HideSolutionNode = FALSE
	EndGlobalSection
	GlobalSection(ExtensibilityGlobals) = postSolution
		SolutionGuid = {56BF27C1-E6F2-4F84-ACAD-9E27CF5CFBED}
	EndGlobalSection
EndGlobal
